
Microsoft Visual Studio Solution File, Format Version 11.00
# Visual Studio 2010
Project("{FAE04EC0-301F-11D3-BF4B-00C04F79EFBC}") = "hoc_c_sharp_coban", "hoc_c_sharp_coban\hoc_c_sharp_coban.csproj", "{A463D114-3C4D-4C8F-A634-97202B475627}"
EndProject
Global
	GlobalSection(SolutionConfigurationPlatforms) = preSolution
		Debug|x86 = Debug|x86
		Release|x86 = Release|x86
	EndGlobalSection
	GlobalSection(ProjectConfigurationPlatforms) = postSolution
		{A463D114-3C4D-4C8F-A634-97202B475627}.Debug|x86.ActiveCfg = Debug|x86
		{A463D114-3C4D-4C8F-A634-97202B475627}.Debug|x86.Build.0 = Debug|x86
		{A463D114-3C4D-4C8F-A634-97202B475627}.Release|x86.ActiveCfg = Release|x86
		{A463D114-3C4D-4C8F-A634-97202B475627}.Release|x86.Build.0 = Release|x86
	EndGlobalSection
	GlobalSection(SolutionProperties) = preSolution
		HideSolutionNode = FALSE
	EndGlobalSection
EndGlobal
